{
  "name": "backpack-node",
  "version": "1.0.0",
  "lockfileVersion": 1,
  "requires": true,
  "dependencies": {
    "chrono-node": {
      "version": "2.1.11",
      "resolved": "https://registry.npmjs.org/chrono-node/-/chrono-node-2.1.11.tgz",
      "integrity": "sha512-hwCQZK+dcOVJAPBk2qIOIhlgG+ik89S241JeajkEGx+HxRKwo65yim22IOu8OSj13lJPc2wIazjzsOR/XsV1IQ==",
      "requires": {
        "dayjs": "^1.10.0"
      }
    },
    "dayjs": {
      "version": "1.10.3",
      "resolved": "https://registry.npmjs.org/dayjs/-/dayjs-1.10.3.tgz",
      "integrity": "sha512-/2fdLN987N8Ki7Id8BUN2nhuiRyxTLumQnSQf9CNncFCyqFsSKb9TNhzRYcC8K8eJSJOKvbvkImo/MKKhNi4iw=="
    },
    "striptags": {
      "version": "3.1.1",
      "resolved": "https://registry.npmjs.org/striptags/-/striptags-3.1.1.tgz",
      "integrity": "sha1-yMPn/db7S7OjKjt1LltePjgJPr0="
    }
  }
}
